
Microsoft Visual Studio Solution File, Format Version 12.00
# Visual Studio 14
VisualStudioVersion = 14.0.25420.1
MinimumVisualStudioVersion = 10.0.40219.1
Project("{FAE04EC0-301F-11D3-BF4B-00C04F79EFBC}") = "SmartCity.WebUI", "SmartCity.WebUI\SmartCity.WebUI.csproj", "{06F3B77B-4899-4811-9289-ECCFA8E17A32}"
EndProject
Project("{FAE04EC0-301F-11D3-BF4B-00C04F79EFBC}") = "SmartCity.Domain", "SmartCity.Domain\SmartCity.Domain.csproj", "{BF0BFE64-3A28-4A8D-B9DD-0550A16044F4}"
EndProject
Project("{FAE04EC0-301F-11D3-BF4B-00C04F79EFBC}") = "SmartCity.Common", "SmartCity.Common\SmartCity.Common.csproj", "{3AF53E68-580C-4854-BA62-D000BB64D35E}"
EndProject
Global
	GlobalSection(SolutionConfigurationPlatforms) = preSolution
		Debug|Any CPU = Debug|Any CPU
		Release|Any CPU = Release|Any CPU
	EndGlobalSection
	GlobalSection(ProjectConfigurationPlatforms) = postSolution
		{06F3B77B-4899-4811-9289-ECCFA8E17A32}.Debug|Any CPU.ActiveCfg = Debug|Any CPU
		{06F3B77B-4899-4811-9289-ECCFA8E17A32}.Debug|Any CPU.Build.0 = Debug|Any CPU
		{06F3B77B-4899-4811-9289-ECCFA8E17A32}.Release|Any CPU.ActiveCfg = Release|Any CPU
		{06F3B77B-4899-4811-9289-ECCFA8E17A32}.Release|Any CPU.Build.0 = Release|Any CPU
		{BF0BFE64-3A28-4A8D-B9DD-0550A16044F4}.Debug|Any CPU.ActiveCfg = Debug|Any CPU
		{BF0BFE64-3A28-4A8D-B9DD-0550A16044F4}.Debug|Any CPU.Build.0 = Debug|Any CPU
		{BF0BFE64-3A28-4A8D-B9DD-0550A16044F4}.Release|Any CPU.ActiveCfg = Release|Any CPU
		{BF0BFE64-3A28-4A8D-B9DD-0550A16044F4}.Release|Any CPU.Build.0 = Release|Any CPU
		{3AF53E68-580C-4854-BA62-D000BB64D35E}.Debug|Any CPU.ActiveCfg = Debug|Any CPU
		{3AF53E68-580C-4854-BA62-D000BB64D35E}.Debug|Any CPU.Build.0 = Debug|Any CPU
		{3AF53E68-580C-4854-BA62-D000BB64D35E}.Release|Any CPU.ActiveCfg = Release|Any CPU
		{3AF53E68-580C-4854-BA62-D000BB64D35E}.Release|Any CPU.Build.0 = Release|Any CPU
	EndGlobalSection
	GlobalSection(SolutionProperties) = preSolution
		HideSolutionNode = FALSE
	EndGlobalSection
EndGlobal
